
Microsoft Visual Studio Solution File, Format Version 12.00
# Visual Studio Version 17
VisualStudioVersion = 17.11.35312.102
MinimumVisualStudioVersion = 10.0.40219.1
Project("{9A19103F-16F7-4668-BE54-9A1E7A4F7556}") = "Compiler", "Compiler\Compiler.csproj", "{9A27C18F-7119-40C0-B412-C465D1988F30}"
EndProject
Project("{9A19103F-16F7-4668-BE54-9A1E7A4F7556}") = "ManagedTests", "ManagedTests\ManagedTests.csproj", "{0D9F2EE4-CAA2-4B8A-9D78-9F8D2B334C00}"
EndProject
Project("{2150E333-8FDC-42A3-9474-1A3956D46DE8}") = "Solution Items", "Solution Items", "{18095FD1-243D-4D04-B0F6-0980870BF7C5}"
	ProjectSection(SolutionItems) = preProject
		.editorconfig = .editorconfig
	EndProjectSection
EndProject
Project("{8BC9CEB8-8B4A-11D0-8D11-00A0C91BC942}") = "NativeLibraryApi", "NativeLibraryApi\NativeLibraryApi.vcxitems", "{96114D0D-19A6-48E8-AAE7-5494430DA26D}"
EndProject
Project("{8BC9CEB8-8B4A-11D0-8D11-00A0C91BC942}") = "Foundation", "Foundation\Foundation.vcxproj", "{A95EFDCC-40D3-4094-9A26-6783EB2AC1B8}"
EndProject
Project("{8BC9CEB8-8B4A-11D0-8D11-00A0C91BC942}") = "NativeTests", "NativeTests\NativeTests.vcxproj", "{E706E556-E3F4-41F1-B267-F66A83DD77E8}"
	ProjectSection(ProjectDependencies) = postProject
		{A95EFDCC-40D3-4094-9A26-6783EB2AC1B8} = {A95EFDCC-40D3-4094-9A26-6783EB2AC1B8}
		{C108B7DF-3303-4EC9-B55F-9DA1CBC839C6} = {C108B7DF-3303-4EC9-B55F-9DA1CBC839C6}
	EndProjectSection
EndProject
Project("{8BC9CEB8-8B4A-11D0-8D11-00A0C91BC942}") = "MathPrecisionTests", "MathPrecisionTests\MathPrecisionTests.vcxproj", "{79190C67-2458-4CA2-959D-EF4BDEA3514F}"
EndProject
Project("{8BC9CEB8-8B4A-11D0-8D11-00A0C91BC942}") = "Engine", "Engine\Engine.vcxproj", "{C108B7DF-3303-4EC9-B55F-9DA1CBC839C6}"
EndProject
Project("{8BC9CEB8-8B4A-11D0-8D11-00A0C91BC942}") = "NativeLibraryToolkit", "NativeLibraryToolkit\NativeLibraryToolkit.vcxproj", "{B3E3A505-6F78-4A04-9CDB-112FD4E29B9A}"
	ProjectSection(ProjectDependencies) = postProject
		{A95EFDCC-40D3-4094-9A26-6783EB2AC1B8} = {A95EFDCC-40D3-4094-9A26-6783EB2AC1B8}
	EndProjectSection
EndProject
Project("{2150E333-8FDC-42A3-9474-1A3956D46DE8}") = "NativeLibraries", "NativeLibraries", "{02EA681E-C7D8-13C7-8484-4AC65E1B71E8}"
EndProject
Project("{8BC9CEB8-8B4A-11D0-8D11-00A0C91BC942}") = "Core", "NativeLibraries\Core\Core.vcxproj", "{3784D0CF-D4FD-449E-903A-D7BA1377754C}"
EndProject
Global
	GlobalSection(SolutionConfigurationPlatforms) = preSolution
		Debug|Any CPU = Debug|Any CPU
		Dev|Any CPU = Dev|Any CPU
		Release|Any CPU = Release|Any CPU
	EndGlobalSection
	GlobalSection(ProjectConfigurationPlatforms) = postSolution
		{9A27C18F-7119-40C0-B412-C465D1988F30}.Debug|Any CPU.ActiveCfg = Debug|Any CPU
		{9A27C18F-7119-40C0-B412-C465D1988F30}.Debug|Any CPU.Build.0 = Debug|Any CPU
		{9A27C18F-7119-40C0-B412-C465D1988F30}.Dev|Any CPU.ActiveCfg = Release|Any CPU
		{9A27C18F-7119-40C0-B412-C465D1988F30}.Dev|Any CPU.Build.0 = Release|Any CPU
		{9A27C18F-7119-40C0-B412-C465D1988F30}.Release|Any CPU.ActiveCfg = Release|Any CPU
		{9A27C18F-7119-40C0-B412-C465D1988F30}.Release|Any CPU.Build.0 = Release|Any CPU
		{0D9F2EE4-CAA2-4B8A-9D78-9F8D2B334C00}.Debug|Any CPU.ActiveCfg = Debug|Any CPU
		{0D9F2EE4-CAA2-4B8A-9D78-9F8D2B334C00}.Debug|Any CPU.Build.0 = Debug|Any CPU
		{0D9F2EE4-CAA2-4B8A-9D78-9F8D2B334C00}.Dev|Any CPU.ActiveCfg = Release|Any CPU
		{0D9F2EE4-CAA2-4B8A-9D78-9F8D2B334C00}.Dev|Any CPU.Build.0 = Release|Any CPU
		{0D9F2EE4-CAA2-4B8A-9D78-9F8D2B334C00}.Release|Any CPU.ActiveCfg = Release|Any CPU
		{0D9F2EE4-CAA2-4B8A-9D78-9F8D2B334C00}.Release|Any CPU.Build.0 = Release|Any CPU
		{A95EFDCC-40D3-4094-9A26-6783EB2AC1B8}.Debug|Any CPU.ActiveCfg = Debug|x64
		{A95EFDCC-40D3-4094-9A26-6783EB2AC1B8}.Debug|Any CPU.Build.0 = Debug|x64
		{A95EFDCC-40D3-4094-9A26-6783EB2AC1B8}.Dev|Any CPU.ActiveCfg = Dev|x64
		{A95EFDCC-40D3-4094-9A26-6783EB2AC1B8}.Dev|Any CPU.Build.0 = Dev|x64
		{A95EFDCC-40D3-4094-9A26-6783EB2AC1B8}.Release|Any CPU.ActiveCfg = Release|x64
		{A95EFDCC-40D3-4094-9A26-6783EB2AC1B8}.Release|Any CPU.Build.0 = Release|x64
		{E706E556-E3F4-41F1-B267-F66A83DD77E8}.Debug|Any CPU.ActiveCfg = Debug|x64
		{E706E556-E3F4-41F1-B267-F66A83DD77E8}.Debug|Any CPU.Build.0 = Debug|x64
		{E706E556-E3F4-41F1-B267-F66A83DD77E8}.Dev|Any CPU.ActiveCfg = Dev|x64
		{E706E556-E3F4-41F1-B267-F66A83DD77E8}.Dev|Any CPU.Build.0 = Dev|x64
		{E706E556-E3F4-41F1-B267-F66A83DD77E8}.Release|Any CPU.ActiveCfg = Release|x64
		{E706E556-E3F4-41F1-B267-F66A83DD77E8}.Release|Any CPU.Build.0 = Release|x64
		{79190C67-2458-4CA2-959D-EF4BDEA3514F}.Debug|Any CPU.ActiveCfg = Debug|x64
		{79190C67-2458-4CA2-959D-EF4BDEA3514F}.Debug|Any CPU.Build.0 = Debug|x64
		{79190C67-2458-4CA2-959D-EF4BDEA3514F}.Dev|Any CPU.ActiveCfg = Dev|x64
		{79190C67-2458-4CA2-959D-EF4BDEA3514F}.Dev|Any CPU.Build.0 = Dev|x64
		{79190C67-2458-4CA2-959D-EF4BDEA3514F}.Release|Any CPU.ActiveCfg = Release|x64
		{79190C67-2458-4CA2-959D-EF4BDEA3514F}.Release|Any CPU.Build.0 = Release|x64
		{C108B7DF-3303-4EC9-B55F-9DA1CBC839C6}.Debug|Any CPU.ActiveCfg = Debug|x64
		{C108B7DF-3303-4EC9-B55F-9DA1CBC839C6}.Debug|Any CPU.Build.0 = Debug|x64
		{C108B7DF-3303-4EC9-B55F-9DA1CBC839C6}.Dev|Any CPU.ActiveCfg = Release|x64
		{C108B7DF-3303-4EC9-B55F-9DA1CBC839C6}.Dev|Any CPU.Build.0 = Release|x64
		{C108B7DF-3303-4EC9-B55F-9DA1CBC839C6}.Release|Any CPU.ActiveCfg = Release|x64
		{C108B7DF-3303-4EC9-B55F-9DA1CBC839C6}.Release|Any CPU.Build.0 = Release|x64
		{B3E3A505-6F78-4A04-9CDB-112FD4E29B9A}.Debug|Any CPU.ActiveCfg = Debug|x64
		{B3E3A505-6F78-4A04-9CDB-112FD4E29B9A}.Debug|Any CPU.Build.0 = Debug|x64
		{B3E3A505-6F78-4A04-9CDB-112FD4E29B9A}.Dev|Any CPU.ActiveCfg = Release|x64
		{B3E3A505-6F78-4A04-9CDB-112FD4E29B9A}.Dev|Any CPU.Build.0 = Release|x64
		{B3E3A505-6F78-4A04-9CDB-112FD4E29B9A}.Release|Any CPU.ActiveCfg = Release|x64
		{B3E3A505-6F78-4A04-9CDB-112FD4E29B9A}.Release|Any CPU.Build.0 = Release|x64
		{3784D0CF-D4FD-449E-903A-D7BA1377754C}.Debug|Any CPU.ActiveCfg = Debug|x64
		{3784D0CF-D4FD-449E-903A-D7BA1377754C}.Debug|Any CPU.Build.0 = Debug|x64
		{3784D0CF-D4FD-449E-903A-D7BA1377754C}.Dev|Any CPU.ActiveCfg = Release|x64
		{3784D0CF-D4FD-449E-903A-D7BA1377754C}.Dev|Any CPU.Build.0 = Release|x64
		{3784D0CF-D4FD-449E-903A-D7BA1377754C}.Release|Any CPU.ActiveCfg = Release|x64
		{3784D0CF-D4FD-449E-903A-D7BA1377754C}.Release|Any CPU.Build.0 = Release|x64
	EndGlobalSection
	GlobalSection(SolutionProperties) = preSolution
		HideSolutionNode = FALSE
	EndGlobalSection
	GlobalSection(NestedProjects) = preSolution
		{3784D0CF-D4FD-449E-903A-D7BA1377754C} = {02EA681E-C7D8-13C7-8484-4AC65E1B71E8}
	EndGlobalSection
	GlobalSection(ExtensibilityGlobals) = postSolution
		SolutionGuid = {AE65FEC2-833F-412D-A0F7-CAD5222B9393}
	EndGlobalSection
EndGlobal
