<?xml version="1.0" encoding="utf-8"?>
<Project ToolsVersion="4.0" xmlns="http://schemas.microsoft.com/developer/msbuild/2003">
  <ItemGroup>
    <Filter Include="Source Files">
      <UniqueIdentifier>{4FC737F1-C7A5-4376-A066-2A32D752A2FF}</UniqueIdentifier>
      <Extensions>cpp;c;cc;cxx;c++;cppm;ixx;def;odl;idl;hpj;bat;asm;asmx</Extensions>
    </Filter>
    <Filter Include="Header Files">
      <UniqueIdentifier>{93995380-89BD-4b04-88EB-625FBE52EBFB}</UniqueIdentifier>
      <Extensions>h;hh;hpp;hxx;h++;hm;inl;inc;ipp;xsd</Extensions>
    </Filter>
    <Filter Include="Resource Files">
      <UniqueIdentifier>{67DA6AB6-F800-4c08-8B7A-83BB121AAD01}</UniqueIdentifier>
      <Extensions>rc;ico;cur;bmp;dlg;rc2;rct;bin;rgs;gif;jpg;jpeg;jpe;resx;tiff;tif;png;wav;mfcribbon-ms</Extensions>
    </Filter>
  </ItemGroup>
  <ItemGroup>
    <ClCompile Include="Containers\FixedArray.ixx">
      <Filter>Source Files</Filter>
    </ClCompile>
    <ClCompile Include="Containers\ResizableArrayBase.ixx">
      <Filter>Source Files</Filter>
    </ClCompile>
    <ClCompile Include="Containers\Span.ixx">
      <Filter>Source Files</Filter>
    </ClCompile>
    <ClCompile Include="Core\Types.ixx">
      <Filter>Source Files</Filter>
    </ClCompile>
    <ClCompile Include="Core\Assert.ixx">
      <Filter>Source Files</Filter>
    </ClCompile>
    <ClCompile Include="Core\Concepts.ixx">
      <Filter>Source Files</Filter>
    </ClCompile>
    <ClCompile Include="Utilities\Copy.ixx">
      <Filter>Source Files</Filter>
    </ClCompile>
    <ClCompile Include="Core\Core.ixx">
      <Filter>Source Files</Filter>
    </ClCompile>
    <ClCompile Include="Containers\BoundedArray.ixx">
      <Filter>Source Files</Filter>
    </ClCompile>
    <ClCompile Include="Containers\UnboundedArray.ixx">
      <Filter>Source Files</Filter>
    </ClCompile>
    <ClCompile Include="Utilities\BitOperations.ixx">
      <Filter>Source Files</Filter>
    </ClCompile>
    <ClCompile Include="Core\Utilities.ixx">
      <Filter>Source Files</Filter>
    </ClCompile>
    <ClCompile Include="Utilities\Bounds.ixx">
      <Filter>Source Files</Filter>
    </ClCompile>
    <ClCompile Include="String\String.ixx">
      <Filter>Source Files</Filter>
    </ClCompile>
    <ClCompile Include="Core\NullTerminatedString.ixx">
      <Filter>Source Files</Filter>
    </ClCompile>
    <ClCompile Include="Math\Simd\Simd.ixx">
      <Filter>Source Files</Filter>
    </ClCompile>
    <ClCompile Include="Math\Simd\SimdOperation.ixx">
      <Filter>Source Files</Filter>
    </ClCompile>
    <ClCompile Include="Math\Simd\SimdUnderlyingType.ixx">
      <Filter>Source Files</Filter>
    </ClCompile>
    <ClCompile Include="Math\Simd\Implementations\Avx2.ixx">
      <Filter>Source Files</Filter>
    </ClCompile>
    <ClCompile Include="Math\Simd\Vector.ixx">
      <Filter>Source Files</Filter>
    </ClCompile>
    <ClCompile Include="Math\Simd\SimdImplementations.ixx">
      <Filter>Source Files</Filter>
    </ClCompile>
    <ClCompile Include="Math\Simd\Implementations\Emulated.ixx">
      <Filter>Source Files</Filter>
    </ClCompile>
    <ClCompile Include="Utilities\DisallowAllocationScope.ixx">
      <Filter>Source Files</Filter>
    </ClCompile>
    <ClCompile Include="Utilities\Alignment.ixx">
      <Filter>Source Files</Filter>
    </ClCompile>
    <ClCompile Include="Math\Simd\Implementations\Avx2\Types.ixx">
      <Filter>Source Files</Filter>
    </ClCompile>
    <ClCompile Include="Math\Simd\Implementations\Avx2\F32x4.ixx">
      <Filter>Source Files</Filter>
    </ClCompile>
    <ClCompile Include="Math\Simd\Implementations\Avx2\S32x4.ixx">
      <Filter>Source Files</Filter>
    </ClCompile>
    <ClCompile Include="Math\Simd\Implementations\Avx2\U32x4.ixx">
      <Filter>Source Files</Filter>
    </ClCompile>
    <ClCompile Include="Math\Simd\Implementations\Avx2\F64x2.ixx">
      <Filter>Source Files</Filter>
    </ClCompile>
    <ClCompile Include="Math\Simd\Implementations\Avx2\S64x2.ixx">
      <Filter>Source Files</Filter>
    </ClCompile>
    <ClCompile Include="Math\Simd\Implementations\Avx2\U64x2.ixx">
      <Filter>Source Files</Filter>
    </ClCompile>
    <ClCompile Include="Math\Simd\Implementations\Avx2\Utilities.ixx">
      <Filter>Source Files</Filter>
    </ClCompile>
    <ClCompile Include="Math\Simd\Implementations\Avx2\F32x8.ixx">
      <Filter>Source Files</Filter>
    </ClCompile>
    <ClCompile Include="Math\Simd\Implementations\Avx2\F64x4.ixx">
      <Filter>Source Files</Filter>
    </ClCompile>
    <ClCompile Include="Math\Simd\Implementations\Avx2\S32x8.ixx">
      <Filter>Source Files</Filter>
    </ClCompile>
    <ClCompile Include="Math\Simd\Implementations\Avx2\S64x4.ixx">
      <Filter>Source Files</Filter>
    </ClCompile>
    <ClCompile Include="Math\Simd\Implementations\Avx2\U32x8.ixx">
      <Filter>Source Files</Filter>
    </ClCompile>
    <ClCompile Include="Math\Simd\Implementations\Avx2\U64x4.ixx">
      <Filter>Source Files</Filter>
    </ClCompile>
    <ClCompile Include="Core\Coerce.ixx">
      <Filter>Source Files</Filter>
    </ClCompile>
    <ClCompile Include="Core\Assert.cpp">
      <Filter>Source Files</Filter>
    </ClCompile>
    <ClCompile Include="Foundation.ixx">
      <Filter>Source Files</Filter>
    </ClCompile>
    <ClCompile Include="Utilities\Unroll.ixx">
      <Filter>Source Files</Filter>
    </ClCompile>
    <ClCompile Include="Math\CommonMath.ixx">
      <Filter>Source Files</Filter>
    </ClCompile>
    <ClCompile Include="Core\FloatTraits.ixx">
      <Filter>Source Files</Filter>
    </ClCompile>
    <ClCompile Include="Math\Fmod.ixx">
      <Filter>Source Files</Filter>
    </ClCompile>
    <ClCompile Include="Math\MaskedResult.ixx">
      <Filter>Source Files</Filter>
    </ClCompile>
    <ClCompile Include="Math\PowerFunctions.ixx">
      <Filter>Source Files</Filter>
    </ClCompile>
    <ClCompile Include="Math\TrigFunctions.ixx">
      <Filter>Source Files</Filter>
    </ClCompile>
    <ClCompile Include="Math\Math.ixx">
      <Filter>Source Files</Filter>
    </ClCompile>
    <ClCompile Include="Containers\Containers.ixx">
      <Filter>Source Files</Filter>
    </ClCompile>
    <ClCompile Include="Utilities\Utilities.ixx">
      <Filter>Source Files</Filter>
    </ClCompile>
  </ItemGroup>
  <ItemGroup>
    <ClInclude Include="Core\Assert.Macros.h">
      <Filter>Header Files</Filter>
    </ClInclude>
    <ClInclude Include="Macros.h">
      <Filter>Header Files</Filter>
    </ClInclude>
    <ClInclude Include="Core\Platform.Macros.h">
      <Filter>Header Files</Filter>
    </ClInclude>
  </ItemGroup>
</Project>